
Microsoft Visual Studio Solution File, Format Version 12.00
Project("{FAE04EC0-301F-11D3-BF4B-00C04F79EFBC}") = "DataStructures.Tests", "DataStructures.Tests\DataStructures.Tests.csproj", "{04F98CE2-900F-4E60-AD73-3E751638C79B}"
EndProject
Project("{FAE04EC0-301F-11D3-BF4B-00C04F79EFBC}") = "DataStructures", "DataStructures\DataStructures.csproj", "{8EBBD0EA-8B80-4665-A0A1-179B2A37C6A2}"
EndProject
Global
	GlobalSection(SolutionConfigurationPlatforms) = preSolution
		Debug|Any CPU = Debug|Any CPU
		Release|Any CPU = Release|Any CPU
	EndGlobalSection
	GlobalSection(ProjectConfigurationPlatforms) = postSolution
		{04F98CE2-900F-4E60-AD73-3E751638C79B}.Debug|Any CPU.ActiveCfg = Debug|Any CPU
		{04F98CE2-900F-4E60-AD73-3E751638C79B}.Debug|Any CPU.Build.0 = Debug|Any CPU
		{04F98CE2-900F-4E60-AD73-3E751638C79B}.Release|Any CPU.ActiveCfg = Release|Any CPU
		{04F98CE2-900F-4E60-AD73-3E751638C79B}.Release|Any CPU.Build.0 = Release|Any CPU
		{8EBBD0EA-8B80-4665-A0A1-179B2A37C6A2}.Debug|Any CPU.ActiveCfg = Debug|Any CPU
		{8EBBD0EA-8B80-4665-A0A1-179B2A37C6A2}.Debug|Any CPU.Build.0 = Debug|Any CPU
		{8EBBD0EA-8B80-4665-A0A1-179B2A37C6A2}.Release|Any CPU.ActiveCfg = Release|Any CPU
		{8EBBD0EA-8B80-4665-A0A1-179B2A37C6A2}.Release|Any CPU.Build.0 = Release|Any CPU
	EndGlobalSection
EndGlobal
